// !$*UTF8*$!
{
	archiveVersion = 1;
	classes = {
	};
	objectVersion = 77;
	objects = {

/* Begin PBXBuildFile section */
		433BF3152D7F67D100767A84 /* icons.png in Resources */ = {isa = PBXBuildFile; fileRef = 433BF3142D7F67D100767A84 /* icons.png */; };
/* End PBXBuildFile section */

/* Begin PBXContainerItemProxy section */
		43CBE25A2D7C635A00BF7685 /* PBXContainerItemProxy */ = {
			isa = PBXContainerItemProxy;
			containerPortal = 43CBE23B2D7C635800BF7685 /* Project object */;
			proxyType = 1;
			remoteGlobalIDString = 43CBE2422D7C635800BF7685;
			remoteInfo = "Task Manager";
		};
		43CBE2642D7C635A00BF7685 /* PBXContainerItemProxy */ = {
			isa = PBXContainerItemProxy;
			containerPortal = 43CBE23B2D7C635800BF7685 /* Project object */;
			proxyType = 1;
			remoteGlobalIDString = 43CBE2422D7C635800BF7685;
			remoteInfo = "Task Manager";
		};
/* End PBXContainerItemProxy section */

/* Begin PBXFileReference section */
		433BF3142D7F67D100767A84 /* icons.png */ = {isa = PBXFileReference; lastKnownFileType = image.png; name = icons.png; path = ../../Downloads/icons.png; sourceTree = "<group>"; };
		43CBE2432D7C635800BF7685 /* Task Manager.app */ = {isa = PBXFileReference; explicitFileType = wrapper.application; includeInIndex = 0; path = "Task Manager.app"; sourceTree = BUILT_PRODUCTS_DIR; };
		43CBE2592D7C635A00BF7685 /* Task ManagerTests.xctest */ = {isa = PBXFileReference; explicitFileType = wrapper.cfbundle; includeInIndex = 0; path = "Task ManagerTests.xctest"; sourceTree = BUILT_PRODUCTS_DIR; };
		43CBE2632D7C635A00BF7685 /* Task ManagerUITests.xctest */ = {isa = PBXFileReference; explicitFileType = wrapper.cfbundle; includeInIndex = 0; path = "Task ManagerUITests.xctest"; sourceTree = BUILT_PRODUCTS_DIR; };
/* End PBXFileReference section */

/* Begin PBXFileSystemSynchronizedBuildFileExceptionSet section */
		433BF30F2D7F5D5C00767A84 /* Exceptions for "Task Manager" folder in "Task Manager" target */ = {
			isa = PBXFileSystemSynchronizedBuildFileExceptionSet;
			membershipExceptions = (
				"Task-Manager-Info.plist",
			);
			target = 43CBE2422D7C635800BF7685 /* Task Manager */;
		};
/* End PBXFileSystemSynchronizedBuildFileExceptionSet section */

/* Begin PBXFileSystemSynchronizedRootGroup section */
		43CBE2452D7C635800BF7685 /* Task Manager */ = {
			isa = PBXFileSystemSynchronizedRootGroup;
			exceptions = (
				433BF30F2D7F5D5C00767A84 /* Exceptions for "Task Manager" folder in "Task Manager" target */,
			);
			path = "Task Manager";
			sourceTree = "<group>";
		};
		43CBE25C2D7C635A00BF7685 /* Task ManagerTests */ = {
			isa = PBXFileSystemSynchronizedRootGroup;
			path = "Task ManagerTests";
			sourceTree = "<group>";
		};
		43CBE2662D7C635A00BF7685 /* Task ManagerUITests */ = {
			isa = PBXFileSystemSynchronizedRootGroup;
			path = "Task ManagerUITests";
			sourceTree = "<group>";
		};
/* End PBXFileSystemSynchronizedRootGroup section */

/* Begin PBXFrameworksBuildPhase section */
		43CBE2402D7C635800BF7685 /* Frameworks */ = {
			isa = PBXFrameworksBuildPhase;
			buildActionMask = 2147483647;
			files = (
			);
			runOnlyForDeploymentPostprocessing = 0;
		};
		43CBE2562D7C635A00BF7685 /* Frameworks */ = {
			isa = PBXFrameworksBuildPhase;
			buildActionMask = 2147483647;
			files = (
			);
			runOnlyForDeploymentPostprocessing = 0;
		};
		43CBE2602D7C635A00BF7685 /* Frameworks */ = {
			isa = PBXFrameworksBuildPhase;
			buildActionMask = 2147483647;
			files = (
			);
			runOnlyForDeploymentPostprocessing = 0;
		};
/* End PBXFrameworksBuildPhase section */

/* Begin PBXGroup section */
		43CBE23A2D7C635800BF7685 = {
			isa = PBXGroup;
			children = (
				433BF3142D7F67D100767A84 /* icons.png */,
				43CBE2452D7C635800BF7685 /* Task Manager */,
				43CBE25C2D7C635A00BF7685 /* Task ManagerTests */,
				43CBE2662D7C635A00BF7685 /* Task ManagerUITests */,
				43CBE2442D7C635800BF7685 /* Products */,
			);
			sourceTree = "<group>";
		};
		43CBE2442D7C635800BF7685 /* Products */ = {
			isa = PBXGroup;
			children = (
				43CBE2432D7C635800BF7685 /* Task Manager.app */,
				43CBE2592D7C635A00BF7685 /* Task ManagerTests.xctest */,
				43CBE2632D7C635A00BF7685 /* Task ManagerUITests.xctest */,
			);
			name = Products;
			sourceTree = "<group>";
		};
/* End PBXGroup section */

/* Begin PBXNativeTarget section */
		43CBE2422D7C635800BF7685 /* Task Manager */ = {
			isa = PBXNativeTarget;
			buildConfigurationList = 43CBE26D2D7C635A00BF7685 /* Build configuration list for PBXNativeTarget "Task Manager" */;
			buildPhases = (
				43CBE23F2D7C635800BF7685 /* Sources */,
				43CBE2402D7C635800BF7685 /* Frameworks */,
				43CBE2412D7C635800BF7685 /* Resources */,
			);
			buildRules = (
			);
			dependencies = (
			);
			fileSystemSynchronizedGroups = (
				43CBE2452D7C635800BF7685 /* Task Manager */,
			);
			name = "Task Manager";
			packageProductDependencies = (
			);
			productName = "Task Manager";
			productReference = 43CBE2432D7C635800BF7685 /* Task Manager.app */;
			productType = "com.apple.product-type.application";
		};
		43CBE2582D7C635A00BF7685 /* Task ManagerTests */ = {
			isa = PBXNativeTarget;
			buildConfigurationList = 43CBE2702D7C635A00BF7685 /* Build configuration list for PBXNativeTarget "Task ManagerTests" */;
			buildPhases = (
				43CBE2552D7C635A00BF7685 /* Sources */,
				43CBE2562D7C635A00BF7685 /* Frameworks */,
				43CBE2572D7C635A00BF7685 /* Resources */,
			);
			buildRules = (
			);
			dependencies = (
				43CBE25B2D7C635A00BF7685 /* PBXTargetDependency */,
			);
			fileSystemSynchronizedGroups = (
				43CBE25C2D7C635A00BF7685 /* Task ManagerTests */,
			);
			name = "Task ManagerTests";
			packageProductDependencies = (
			);
			productName = "Task ManagerTests";
			productReference = 43CBE2592D7C635A00BF7685 /* Task ManagerTests.xctest */;
			productType = "com.apple.product-type.bundle.unit-test";
		};
		43CBE2622D7C635A00BF7685 /* Task ManagerUITests */ = {
			isa = PBXNativeTarget;
			buildConfigurationList = 43CBE2732D7C635A00BF7685 /* Build configuration list for PBXNativeTarget "Task ManagerUITests" */;
			buildPhases = (
				43CBE25F2D7C635A00BF7685 /* Sources */,
				43CBE2602D7C635A00BF7685 /* Frameworks */,
				43CBE2612D7C635A00BF7685 /* Resources */,
			);
			buildRules = (
			);
			dependencies = (
				43CBE2652D7C635A00BF7685 /* PBXTargetDependency */,
			);
			fileSystemSynchronizedGroups = (
				43CBE2662D7C635A00BF7685 /* Task ManagerUITests */,
			);
			name = "Task ManagerUITests";
			packageProductDependencies = (
			);
			productName = "Task ManagerUITests";
			productReference = 43CBE2632D7C635A00BF7685 /* Task ManagerUITests.xctest */;
			productType = "com.apple.product-type.bundle.ui-testing";
		};
/* End PBXNativeTarget section */

/* Begin PBXProject section */
		43CBE23B2D7C635800BF7685 /* Project object */ = {
			isa = PBXProject;
			attributes = {
				BuildIndependentTargetsInParallel = 1;
				LastSwiftUpdateCheck = 1620;
				LastUpgradeCheck = 1620;
				TargetAttributes = {
					43CBE2422D7C635800BF7685 = {
						CreatedOnToolsVersion = 16.2;
					};
					43CBE2582D7C635A00BF7685 = {
						CreatedOnToolsVersion = 16.2;
						TestTargetID = 43CBE2422D7C635800BF7685;
					};
					43CBE2622D7C635A00BF7685 = {
						CreatedOnToolsVersion = 16.2;
						TestTargetID = 43CBE2422D7C635800BF7685;
					};
				};
			};
			buildConfigurationList = 43CBE23E2D7C635800BF7685 /* Build configuration list for PBXProject "Task Manager" */;
			developmentRegion = en;
			hasScannedForEncodings = 0;
			knownRegions = (
				en,
				Base,
			);
			mainGroup = 43CBE23A2D7C635800BF7685;
			minimizedProjectReferenceProxies = 1;
			preferredProjectObjectVersion = 77;
			productRefGroup = 43CBE2442D7C635800BF7685 /* Products */;
			projectDirPath = "";
			projectRoot = "";
			targets = (
				43CBE2422D7C635800BF7685 /* Task Manager */,
				43CBE2582D7C635A00BF7685 /* Task ManagerTests */,
				43CBE2622D7C635A00BF7685 /* Task ManagerUITests */,
			);
		};
/* End PBXProject section */

/* Begin PBXResourcesBuildPhase section */
		43CBE2412D7C635800BF7685 /* Resources */ = {
			isa = PBXResourcesBuildPhase;
			buildActionMask = 2147483647;
			files = (
				433BF3152D7F67D100767A84 /* icons.png in Resources */,
			);
			runOnlyForDeploymentPostprocessing = 0;
		};
		43CBE2572D7C635A00BF7685 /* Resources */ = {
			isa = PBXResourcesBuildPhase;
			buildActionMask = 2147483647;
			files = (
			);
			runOnlyForDeploymentPostprocessing = 0;
		};
		43CBE2612D7C635A00BF7685 /* Resources */ = {
			isa = PBXResourcesBuildPhase;
			buildActionMask = 2147483647;
			files = (
			);
			runOnlyForDeploymentPostprocessing = 0;
		};
/* End PBXResourcesBuildPhase section */

/* Begin PBXSourcesBuildPhase section */
		43CBE23F2D7C635800BF7685 /* Sources */ = {
			isa = PBXSourcesBuildPhase;
			buildActionMask = 2147483647;
			files = (
			);
			runOnlyForDeploymentPostprocessing = 0;
		};
		43CBE2552D7C635A00BF7685 /* Sources */ = {
			isa = PBXSourcesBuildPhase;
			buildActionMask = 2147483647;
			files = (
			);
			runOnlyForDeploymentPostprocessing = 0;
		};
		43CBE25F2D7C635A00BF7685 /* Sources */ = {
			isa = PBXSourcesBuildPhase;
			buildActionMask = 2147483647;
			files = (
			);
			runOnlyForDeploymentPostprocessing = 0;
		};
/* End PBXSourcesBuildPhase section */

/* Begin PBXTargetDependency section */
		43CBE25B2D7C635A00BF7685 /* PBXTargetDependency */ = {
			isa = PBXTargetDependency;
			target = 43CBE2422D7C635800BF7685 /* Task Manager */;
			targetProxy = 43CBE25A2D7C635A00BF7685 /* PBXContainerItemProxy */;
		};
		43CBE2652D7C635A00BF7685 /* PBXTargetDependency */ = {
			isa = PBXTargetDependency;
			target = 43CBE2422D7C635800BF7685 /* Task Manager */;
			targetProxy = 43CBE2642D7C635A00BF7685 /* PBXContainerItemProxy */;
		};
/* End PBXTargetDependency section */

/* Begin XCBuildConfiguration section */
		43CBE26B2D7C635A00BF7685 /* Debug */ = {
			isa = XCBuildConfiguration;
			buildSettings = {
				ALWAYS_SEARCH_USER_PATHS = NO;
				ASSETCATALOG_COMPILER_GENERATE_SWIFT_ASSET_SYMBOL_EXTENSIONS = YES;
				CLANG_ANALYZER_NONNULL = YES;
				CLANG_ANALYZER_NUMBER_OBJECT_CONVERSION = YES_AGGRESSIVE;
				CLANG_CXX_LANGUAGE_STANDARD = "gnu++20";
				CLANG_ENABLE_MODULES = YES;
				CLANG_ENABLE_OBJC_ARC = YES;
				CLANG_ENABLE_OBJC_WEAK = YES;
				CLANG_WARN_BLOCK_CAPTURE_AUTORELEASING = YES;
				CLANG_WARN_BOOL_CONVERSION = YES;
				CLANG_WARN_COMMA = YES;
				CLANG_WARN_CONSTANT_CONVERSION = YES;
				CLANG_WARN_DEPRECATED_OBJC_IMPLEMENTATIONS = YES;
				CLANG_WARN_DIRECT_OBJC_ISA_USAGE = YES_ERROR;
				CLANG_WARN_DOCUMENTATION_COMMENTS = YES;
				CLANG_WARN_EMPTY_BODY = YES;
				CLANG_WARN_ENUM_CONVERSION = YES;
				CLANG_WARN_INFINITE_RECURSION = YES;
				CLANG_WARN_INT_CONVERSION = YES;
				CLANG_WARN_NON_LITERAL_NULL_CONVERSION = YES;
				CLANG_WARN_OBJC_IMPLICIT_RETAIN_SELF = YES;
				CLANG_WARN_OBJC_LITERAL_CONVERSION = YES;
				CLANG_WARN_OBJC_ROOT_CLASS = YES_ERROR;
				CLANG_WARN_QUOTED_INCLUDE_IN_FRAMEWORK_HEADER = YES;
				CLANG_WARN_RANGE_LOOP_ANALYSIS = YES;
				CLANG_WARN_STRICT_PROTOTYPES = YES;
				CLANG_WARN_SUSPICIOUS_MOVE = YES;
				CLANG_WARN_UNGUARDED_AVAILABILITY = YES_AGGRESSIVE;
				CLANG_WARN_UNREACHABLE_CODE = YES;
				CLANG_WARN__DUPLICATE_METHOD_MATCH = YES;
				COPY_PHASE_STRIP = NO;
				DEBUG_INFORMATION_FORMAT = dwarf;
				ENABLE_STRICT_OBJC_MSGSEND = YES;
				ENABLE_TESTABILITY = YES;
				ENABLE_USER_SCRIPT_SANDBOXING = YES;
				GCC_C_LANGUAGE_STANDARD = gnu17;
				GCC_DYNAMIC_NO_PIC = NO;
				GCC_NO_COMMON_BLOCKS = YES;
				GCC_OPTIMIZATION_LEVEL = 0;
				GCC_PREPROCESSOR_DEFINITIONS = (
					"DEBUG=1",
					"$(inherited)",
				);
				GCC_WARN_64_TO_32_BIT_CONVERSION = YES;
				GCC_WARN_ABOUT_RETURN_TYPE = YES_ERROR;
				GCC_WARN_UNDECLARED_SELECTOR = YES;
				GCC_WARN_UNINITIALIZED_AUTOS = YES_AGGRESSIVE;
				GCC_WARN_UNUSED_FUNCTION = YES;
				GCC_WARN_UNUSED_VARIABLE = YES;
				LOCALIZATION_PREFERS_STRING_CATALOGS = YES;
				MTL_ENABLE_DEBUG_INFO = INCLUDE_SOURCE;
				MTL_FAST_MATH = YES;
				ONLY_ACTIVE_ARCH = YES;
				SWIFT_ACTIVE_COMPILATION_CONDITIONS = "DEBUG $(inherited)";
				SWIFT_OPTIMIZATION_LEVEL = "-Onone";
			};
			name = Debug;
		};
		43CBE26C2D7C635A00BF7685 /* Release */ = {
			isa = XCBuildConfiguration;
			buildSettings = {
				ALWAYS_SEARCH_USER_PATHS = NO;
				ASSETCATALOG_COMPILER_GENERATE_SWIFT_ASSET_SYMBOL_EXTENSIONS = YES;
				CLANG_ANALYZER_NONNULL = YES;
				CLANG_ANALYZER_NUMBER_OBJECT_CONVERSION = YES_AGGRESSIVE;
				CLANG_CXX_LANGUAGE_STANDARD = "gnu++20";
				CLANG_ENABLE_MODULES = YES;
				CLANG_ENABLE_OBJC_ARC = YES;
				CLANG_ENABLE_OBJC_WEAK = YES;
				CLANG_WARN_BLOCK_CAPTURE_AUTORELEASING = YES;
				CLANG_WARN_BOOL_CONVERSION = YES;
				CLANG_WARN_COMMA = YES;
				CLANG_WARN_CONSTANT_CONVERSION = YES;
				CLANG_WARN_DEPRECATED_OBJC_IMPLEMENTATIONS = YES;
				CLANG_WARN_DIRECT_OBJC_ISA_USAGE = YES_ERROR;
				CLANG_WARN_DOCUMENTATION_COMMENTS = YES;
				CLANG_WARN_EMPTY_BODY = YES;
				CLANG_WARN_ENUM_CONVERSION = YES;
				CLANG_WARN_INFINITE_RECURSION = YES;
				CLANG_WARN_INT_CONVERSION = YES;
				CLANG_WARN_NON_LITERAL_NULL_CONVERSION = YES;
				CLANG_WARN_OBJC_IMPLICIT_RETAIN_SELF = YES;
				CLANG_WARN_OBJC_LITERAL_CONVERSION = YES;
				CLANG_WARN_OBJC_ROOT_CLASS = YES_ERROR;
				CLANG_WARN_QUOTED_INCLUDE_IN_FRAMEWORK_HEADER = YES;
				CLANG_WARN_RANGE_LOOP_ANALYSIS = YES;
				CLANG_WARN_STRICT_PROTOTYPES = YES;
				CLANG_WARN_SUSPICIOUS_MOVE = YES;
				CLANG_WARN_UNGUARDED_AVAILABILITY = YES_AGGRESSIVE;
				CLANG_WARN_UNREACHABLE_CODE = YES;
				CLANG_WARN__DUPLICATE_METHOD_MATCH = YES;
				COPY_PHASE_STRIP = NO;
				DEBUG_INFORMATION_FORMAT = "dwarf-with-dsym";
				ENABLE_NS_ASSERTIONS = NO;
				ENABLE_STRICT_OBJC_MSGSEND = YES;
				ENABLE_USER_SCRIPT_SANDBOXING = YES;
				GCC_C_LANGUAGE_STANDARD = gnu17;
				GCC_NO_COMMON_BLOCKS = YES;
				GCC_WARN_64_TO_32_BIT_CONVERSION = YES;
				GCC_WARN_ABOUT_RETURN_TYPE = YES_ERROR;
				GCC_WARN_UNDECLARED_SELECTOR = YES;
				GCC_WARN_UNINITIALIZED_AUTOS = YES_AGGRESSIVE;
				GCC_WARN_UNUSED_FUNCTION = YES;
				GCC_WARN_UNUSED_VARIABLE = YES;
				LOCALIZATION_PREFERS_STRING_CATALOGS = YES;
				MTL_ENABLE_DEBUG_INFO = NO;
				MTL_FAST_MATH = YES;
				SWIFT_COMPILATION_MODE = wholemodule;
			};
			name = Release;
		};
		43CBE26E2D7C635A00BF7685 /* Debug */ = {
			isa = XCBuildConfiguration;
			buildSettings = {
				ASSETCATALOG_COMPILER_APPICON_NAME = AppIcon;
				ASSETCATALOG_COMPILER_GLOBAL_ACCENT_COLOR_NAME = AccentColor;
				CODE_SIGN_ENTITLEMENTS = "Task Manager/Task_Manager.entitlements";
				CODE_SIGN_STYLE = Automatic;
				CURRENT_PROJECT_VERSION = 1;
				DEVELOPMENT_ASSET_PATHS = "\"Task Manager/Preview Content\"";
				DEVELOPMENT_TEAM = N8LR32HS6Q;
				ENABLE_HARDENED_RUNTIME = YES;
				ENABLE_PREVIEWS = YES;
				GENERATE_INFOPLIST_FILE = YES;
				INFOPLIST_FILE = "Task-Manager-Info.plist";
				"INFOPLIST_KEY_UIApplicationSceneManifest_Generation[sdk=iphoneos*]" = YES;
				"INFOPLIST_KEY_UIApplicationSceneManifest_Generation[sdk=iphonesimulator*]" = YES;
				"INFOPLIST_KEY_UIApplicationSupportsIndirectInputEvents[sdk=iphoneos*]" = YES;
				"INFOPLIST_KEY_UIApplicationSupportsIndirectInputEvents[sdk=iphonesimulator*]" = YES;
				"INFOPLIST_KEY_UILaunchScreen_Generation[sdk=iphoneos*]" = YES;
				"INFOPLIST_KEY_UILaunchScreen_Generation[sdk=iphonesimulator*]" = YES;
				"INFOPLIST_KEY_UIStatusBarStyle[sdk=iphoneos*]" = UIStatusBarStyleDefault;
				"INFOPLIST_KEY_UIStatusBarStyle[sdk=iphonesimulator*]" = UIStatusBarStyleDefault;
				INFOPLIST_KEY_UISupportedInterfaceOrientations = UIInterfaceOrientationPortrait;
				IPHONEOS_DEPLOYMENT_TARGET = 18.2;
				LD_RUNPATH_SEARCH_PATHS = "@executable_path/Frameworks";
				"LD_RUNPATH_SEARCH_PATHS[sdk=macosx*]" = "@executable_path/../Frameworks";
				MACOSX_DEPLOYMENT_TARGET = 15.2;
				MARKETING_VERSION = 1.0;
				PRODUCT_BUNDLE_IDENTIFIER = "diaspark.Task-Manager";
				PRODUCT_NAME = "$(TARGET_NAME)";
				SDKROOT = auto;
				SUPPORTED_PLATFORMS = "iphoneos iphonesimulator macosx xros xrsimulator";
				SWIFT_EMIT_LOC_STRINGS = YES;
				SWIFT_VERSION = 5.0;
				TARGETED_DEVICE_FAMILY = "1,2,7";
				XROS_DEPLOYMENT_TARGET = 2.2;
			};
			name = Debug;
		};
		43CBE26F2D7C635A00BF7685 /* Release */ = {
			isa = XCBuildConfiguration;
			buildSettings = {
				ASSETCATALOG_COMPILER_APPICON_NAME = AppIcon;
				ASSETCATALOG_COMPILER_GLOBAL_ACCENT_COLOR_NAME = AccentColor;
				CODE_SIGN_ENTITLEMENTS = "Task Manager/Task_Manager.entitlements";
				CODE_SIGN_STYLE = Automatic;
				CURRENT_PROJECT_VERSION = 1;
				DEVELOPMENT_ASSET_PATHS = "\"Task Manager/Preview Content\"";
				DEVELOPMENT_TEAM = N8LR32HS6Q;
				ENABLE_HARDENED_RUNTIME = YES;
				ENABLE_PREVIEWS = YES;
				GENERATE_INFOPLIST_FILE = YES;
				INFOPLIST_FILE = "Task-Manager-Info.plist";
				"INFOPLIST_KEY_UIApplicationSceneManifest_Generation[sdk=iphoneos*]" = YES;
				"INFOPLIST_KEY_UIApplicationSceneManifest_Generation[sdk=iphonesimulator*]" = YES;
				"INFOPLIST_KEY_UIApplicationSupportsIndirectInputEvents[sdk=iphoneos*]" = YES;
				"INFOPLIST_KEY_UIApplicationSupportsIndirectInputEvents[sdk=iphonesimulator*]" = YES;
				"INFOPLIST_KEY_UILaunchScreen_Generation[sdk=iphoneos*]" = YES;
				"INFOPLIST_KEY_UILaunchScreen_Generation[sdk=iphonesimulator*]" = YES;
				"INFOPLIST_KEY_UIStatusBarStyle[sdk=iphoneos*]" = UIStatusBarStyleDefault;
				"INFOPLIST_KEY_UIStatusBarStyle[sdk=iphonesimulator*]" = UIStatusBarStyleDefault;
				INFOPLIST_KEY_UISupportedInterfaceOrientations = UIInterfaceOrientationPortrait;
				IPHONEOS_DEPLOYMENT_TARGET = 18.2;
				LD_RUNPATH_SEARCH_PATHS = "@executable_path/Frameworks";
				"LD_RUNPATH_SEARCH_PATHS[sdk=macosx*]" = "@executable_path/../Frameworks";
				MACOSX_DEPLOYMENT_TARGET = 15.2;
				MARKETING_VERSION = 1.0;
				PRODUCT_BUNDLE_IDENTIFIER = "diaspark.Task-Manager";
				PRODUCT_NAME = "$(TARGET_NAME)";
				SDKROOT = auto;
				SUPPORTED_PLATFORMS = "iphoneos iphonesimulator macosx xros xrsimulator";
				SWIFT_EMIT_LOC_STRINGS = YES;
				SWIFT_VERSION = 5.0;
				TARGETED_DEVICE_FAMILY = "1,2,7";
				XROS_DEPLOYMENT_TARGET = 2.2;
			};
			name = Release;
		};
		43CBE2712D7C635A00BF7685 /* Debug */ = {
			isa = XCBuildConfiguration;
			buildSettings = {
				BUNDLE_LOADER = "$(TEST_HOST)";
				CODE_SIGN_STYLE = Automatic;
				CURRENT_PROJECT_VERSION = 1;
				DEVELOPMENT_TEAM = N8LR32HS6Q;
				GENERATE_INFOPLIST_FILE = YES;
				IPHONEOS_DEPLOYMENT_TARGET = 18.2;
				MACOSX_DEPLOYMENT_TARGET = 15.2;
				MARKETING_VERSION = 1.0;
				PRODUCT_BUNDLE_IDENTIFIER = "diaspark.Task-ManagerTests";
				PRODUCT_NAME = "$(TARGET_NAME)";
				SDKROOT = auto;
				SUPPORTED_PLATFORMS = "iphoneos iphonesimulator macosx xros xrsimulator";
				SWIFT_EMIT_LOC_STRINGS = NO;
				SWIFT_VERSION = 5.0;
				TARGETED_DEVICE_FAMILY = "1,2,7";
				TEST_HOST = "$(BUILT_PRODUCTS_DIR)/Task Manager.app/$(BUNDLE_EXECUTABLE_FOLDER_PATH)/Task Manager";
				XROS_DEPLOYMENT_TARGET = 2.2;
			};
			name = Debug;
		};
		43CBE2722D7C635A00BF7685 /* Release */ = {
			isa = XCBuildConfiguration;
			buildSettings = {
				BUNDLE_LOADER = "$(TEST_HOST)";
				CODE_SIGN_STYLE = Automatic;
				CURRENT_PROJECT_VERSION = 1;
				DEVELOPMENT_TEAM = N8LR32HS6Q;
				GENERATE_INFOPLIST_FILE = YES;
				IPHONEOS_DEPLOYMENT_TARGET = 18.2;
				MACOSX_DEPLOYMENT_TARGET = 15.2;
				MARKETING_VERSION = 1.0;
				PRODUCT_BUNDLE_IDENTIFIER = "diaspark.Task-ManagerTests";
				PRODUCT_NAME = "$(TARGET_NAME)";
				SDKROOT = auto;
				SUPPORTED_PLATFORMS = "iphoneos iphonesimulator macosx xros xrsimulator";
				SWIFT_EMIT_LOC_STRINGS = NO;
				SWIFT_VERSION = 5.0;
				TARGETED_DEVICE_FAMILY = "1,2,7";
				TEST_HOST = "$(BUILT_PRODUCTS_DIR)/Task Manager.app/$(BUNDLE_EXECUTABLE_FOLDER_PATH)/Task Manager";
				XROS_DEPLOYMENT_TARGET = 2.2;
			};
			name = Release;
		};
		43CBE2742D7C635A00BF7685 /* Debug */ = {
			isa = XCBuildConfiguration;
			buildSettings = {
				CODE_SIGN_STYLE = Automatic;
				CURRENT_PROJECT_VERSION = 1;
				DEVELOPMENT_TEAM = N8LR32HS6Q;
				GENERATE_INFOPLIST_FILE = YES;
				IPHONEOS_DEPLOYMENT_TARGET = 18.2;
				MACOSX_DEPLOYMENT_TARGET = 15.2;
				MARKETING_VERSION = 1.0;
				PRODUCT_BUNDLE_IDENTIFIER = "diaspark.Task-ManagerUITests";
				PRODUCT_NAME = "$(TARGET_NAME)";
				SDKROOT = auto;
				SUPPORTED_PLATFORMS = "iphoneos iphonesimulator macosx xros xrsimulator";
				SWIFT_EMIT_LOC_STRINGS = NO;
				SWIFT_VERSION = 5.0;
				TARGETED_DEVICE_FAMILY = "1,2,7";
				TEST_TARGET_NAME = "Task Manager";
				XROS_DEPLOYMENT_TARGET = 2.2;
			};
			name = Debug;
		};
		43CBE2752D7C635A00BF7685 /* Release */ = {
			isa = XCBuildConfiguration;
			buildSettings = {
				CODE_SIGN_STYLE = Automatic;
				CURRENT_PROJECT_VERSION = 1;
				DEVELOPMENT_TEAM = N8LR32HS6Q;
				GENERATE_INFOPLIST_FILE = YES;
				IPHONEOS_DEPLOYMENT_TARGET = 18.2;
				MACOSX_DEPLOYMENT_TARGET = 15.2;
				MARKETING_VERSION = 1.0;
				PRODUCT_BUNDLE_IDENTIFIER = "diaspark.Task-ManagerUITests";
				PRODUCT_NAME = "$(TARGET_NAME)";
				SDKROOT = auto;
				SUPPORTED_PLATFORMS = "iphoneos iphonesimulator macosx xros xrsimulator";
				SWIFT_EMIT_LOC_STRINGS = NO;
				SWIFT_VERSION = 5.0;
				TARGETED_DEVICE_FAMILY = "1,2,7";
				TEST_TARGET_NAME = "Task Manager";
				XROS_DEPLOYMENT_TARGET = 2.2;
			};
			name = Release;
		};
/* End XCBuildConfiguration section */

/* Begin XCConfigurationList section */
		43CBE23E2D7C635800BF7685 /* Build configuration list for PBXProject "Task Manager" */ = {
			isa = XCConfigurationList;
			buildConfigurations = (
				43CBE26B2D7C635A00BF7685 /* Debug */,
				43CBE26C2D7C635A00BF7685 /* Release */,
			);
			defaultConfigurationIsVisible = 0;
			defaultConfigurationName = Release;
		};
		43CBE26D2D7C635A00BF7685 /* Build configuration list for PBXNativeTarget "Task Manager" */ = {
			isa = XCConfigurationList;
			buildConfigurations = (
				43CBE26E2D7C635A00BF7685 /* Debug */,
				43CBE26F2D7C635A00BF7685 /* Release */,
			);
			defaultConfigurationIsVisible = 0;
			defaultConfigurationName = Release;
		};
		43CBE2702D7C635A00BF7685 /* Build configuration list for PBXNativeTarget "Task ManagerTests" */ = {
			isa = XCConfigurationList;
			buildConfigurations = (
				43CBE2712D7C635A00BF7685 /* Debug */,
				43CBE2722D7C635A00BF7685 /* Release */,
			);
			defaultConfigurationIsVisible = 0;
			defaultConfigurationName = Release;
		};
		43CBE2732D7C635A00BF7685 /* Build configuration list for PBXNativeTarget "Task ManagerUITests" */ = {
			isa = XCConfigurationList;
			buildConfigurations = (
				43CBE2742D7C635A00BF7685 /* Debug */,
				43CBE2752D7C635A00BF7685 /* Release */,
			);
			defaultConfigurationIsVisible = 0;
			defaultConfigurationName = Release;
		};
/* End XCConfigurationList section */
	};
	rootObject = 43CBE23B2D7C635800BF7685 /* Project object */;
}
